
Microsoft Visual Studio Solution File, Format Version 12.00
# Visual Studio Version 16
VisualStudioVersion = 16.0.29311.281
MinimumVisualStudioVersion = 10.0.40219.1
Project("{9A19103F-16F7-4668-BE54-9A1E7A4F7556}") = "NetSQS", "NetSQS\NetSQS.csproj", "{4C47B9DD-6022-411D-8701-70B900BB632A}"
EndProject
Project("{9A19103F-16F7-4668-BE54-9A1E7A4F7556}") = "NetSQS.Tests", "SQSClient.Tests\NetSQS.Tests.csproj", "{83760076-DF61-4005-AAC0-E55D9F44A549}"
EndProject
Global
	GlobalSection(SolutionConfigurationPlatforms) = preSolution
		Debug|Any CPU = Debug|Any CPU
		Release|Any CPU = Release|Any CPU
	EndGlobalSection
	GlobalSection(ProjectConfigurationPlatforms) = postSolution
		{4C47B9DD-6022-411D-8701-70B900BB632A}.Debug|Any CPU.ActiveCfg = Debug|Any CPU
		{4C47B9DD-6022-411D-8701-70B900BB632A}.Debug|Any CPU.Build.0 = Debug|Any CPU
		{4C47B9DD-6022-411D-8701-70B900BB632A}.Release|Any CPU.ActiveCfg = Release|Any CPU
		{4C47B9DD-6022-411D-8701-70B900BB632A}.Release|Any CPU.Build.0 = Release|Any CPU
		{83760076-DF61-4005-AAC0-E55D9F44A549}.Debug|Any CPU.ActiveCfg = Debug|Any CPU
		{83760076-DF61-4005-AAC0-E55D9F44A549}.Debug|Any CPU.Build.0 = Debug|Any CPU
		{83760076-DF61-4005-AAC0-E55D9F44A549}.Release|Any CPU.ActiveCfg = Release|Any CPU
		{83760076-DF61-4005-AAC0-E55D9F44A549}.Release|Any CPU.Build.0 = Release|Any CPU
	EndGlobalSection
	GlobalSection(SolutionProperties) = preSolution
		HideSolutionNode = FALSE
	EndGlobalSection
	GlobalSection(ExtensibilityGlobals) = postSolution
		SolutionGuid = {383BBCEF-E789-4CA0-BEB0-67B4452B5E96}
	EndGlobalSection
EndGlobal
